
Microsoft Visual Studio Solution File, Format Version 12.00
Project("{FAE04EC0-301F-11D3-BF4B-00C04F79EFBC}") = "IncidentReport.Api", "IncidentReport.Api\IncidentReport.Api.csproj", "{C4CECE0C-AC4C-4D6E-A874-83DA6964C14A}"
EndProject
Project("{FAE04EC0-301F-11D3-BF4B-00C04F79EFBC}") = "IncidentReport.Application", "IncidentReport.Application\IncidentReport.Application.csproj", "{41121011-5008-425C-B066-93E33989F6F1}"
EndProject
Project("{FAE04EC0-301F-11D3-BF4B-00C04F79EFBC}") = "IncidentReport.Infrastructure", "IncidentReport.Infrastructure\IncidentReport.Infrastructure.csproj", "{633F7BA4-37D7-4A68-9D41-BE78DFAD908C}"
EndProject
Project("{FAE04EC0-301F-11D3-BF4B-00C04F79EFBC}") = "IncidentReport.Core", "IncidentReport.Core\IncidentReport.Core.csproj", "{7A1279E3-7EB6-4B8F-AB76-3822376DA878}"
EndProject
Project("{2150E333-8FDC-42A3-9474-1A3956D46DE8}") = "IncidentReport", "IncidentReport", "{1CA04B8B-741E-43C0-8B62-10B90D368C72}"
EndProject
Project("{2150E333-8FDC-42A3-9474-1A3956D46DE8}") = "Identity", "Identity", "{EAC98C3C-3AF0-4D7B-BC04-9CF086A9143D}"
EndProject
Global
	GlobalSection(SolutionConfigurationPlatforms) = preSolution
		Debug|Any CPU = Debug|Any CPU
		Release|Any CPU = Release|Any CPU
	EndGlobalSection
	GlobalSection(ProjectConfigurationPlatforms) = postSolution
		{C4CECE0C-AC4C-4D6E-A874-83DA6964C14A}.Debug|Any CPU.ActiveCfg = Debug|Any CPU
		{C4CECE0C-AC4C-4D6E-A874-83DA6964C14A}.Debug|Any CPU.Build.0 = Debug|Any CPU
		{C4CECE0C-AC4C-4D6E-A874-83DA6964C14A}.Release|Any CPU.ActiveCfg = Release|Any CPU
		{C4CECE0C-AC4C-4D6E-A874-83DA6964C14A}.Release|Any CPU.Build.0 = Release|Any CPU
		{41121011-5008-425C-B066-93E33989F6F1}.Debug|Any CPU.ActiveCfg = Debug|Any CPU
		{41121011-5008-425C-B066-93E33989F6F1}.Debug|Any CPU.Build.0 = Debug|Any CPU
		{41121011-5008-425C-B066-93E33989F6F1}.Release|Any CPU.ActiveCfg = Release|Any CPU
		{41121011-5008-425C-B066-93E33989F6F1}.Release|Any CPU.Build.0 = Release|Any CPU
		{633F7BA4-37D7-4A68-9D41-BE78DFAD908C}.Debug|Any CPU.ActiveCfg = Debug|Any CPU
		{633F7BA4-37D7-4A68-9D41-BE78DFAD908C}.Debug|Any CPU.Build.0 = Debug|Any CPU
		{633F7BA4-37D7-4A68-9D41-BE78DFAD908C}.Release|Any CPU.ActiveCfg = Release|Any CPU
		{633F7BA4-37D7-4A68-9D41-BE78DFAD908C}.Release|Any CPU.Build.0 = Release|Any CPU
		{7A1279E3-7EB6-4B8F-AB76-3822376DA878}.Debug|Any CPU.ActiveCfg = Debug|Any CPU
		{7A1279E3-7EB6-4B8F-AB76-3822376DA878}.Debug|Any CPU.Build.0 = Debug|Any CPU
		{7A1279E3-7EB6-4B8F-AB76-3822376DA878}.Release|Any CPU.ActiveCfg = Release|Any CPU
		{7A1279E3-7EB6-4B8F-AB76-3822376DA878}.Release|Any CPU.Build.0 = Release|Any CPU
	EndGlobalSection
	GlobalSection(NestedProjects) = preSolution
		{C4CECE0C-AC4C-4D6E-A874-83DA6964C14A} = {1CA04B8B-741E-43C0-8B62-10B90D368C72}
		{41121011-5008-425C-B066-93E33989F6F1} = {1CA04B8B-741E-43C0-8B62-10B90D368C72}
		{7A1279E3-7EB6-4B8F-AB76-3822376DA878} = {1CA04B8B-741E-43C0-8B62-10B90D368C72}
		{633F7BA4-37D7-4A68-9D41-BE78DFAD908C} = {1CA04B8B-741E-43C0-8B62-10B90D368C72}
	EndGlobalSection
EndGlobal
